
Microsoft Visual Studio Solution File, Format Version 12.00
# Visual Studio Version 17
VisualStudioVersion = 17.9.34701.34
MinimumVisualStudioVersion = 10.0.40219.1
Project("{9A19103F-16F7-4668-BE54-9A1E7A4F7556}") = "HomeOwnerAssociation_WebApp", "HomeOwnerAssociation_WebApp\HomeOwnerAssociation_WebApp\HomeOwnerAssociation_WebApp.csproj", "{97606C8D-4A47-456F-B86B-952BC1A2FA42}"
EndProject
Project("{9A19103F-16F7-4668-BE54-9A1E7A4F7556}") = "HomeOwnerAssociation_WebApp.Client", "HomeOwnerAssociation_WebApp\HomeOwnerAssociation_WebApp.Client\HomeOwnerAssociation_WebApp.Client.csproj", "{D5FF0FA9-31A5-4FBB-8033-9E61025A6399}"
EndProject
Global
	GlobalSection(SolutionConfigurationPlatforms) = preSolution
		Debug|Any CPU = Debug|Any CPU
		Release|Any CPU = Release|Any CPU
	EndGlobalSection
	GlobalSection(ProjectConfigurationPlatforms) = postSolution
		{97606C8D-4A47-456F-B86B-952BC1A2FA42}.Debug|Any CPU.ActiveCfg = Debug|Any CPU
		{97606C8D-4A47-456F-B86B-952BC1A2FA42}.Debug|Any CPU.Build.0 = Debug|Any CPU
		{97606C8D-4A47-456F-B86B-952BC1A2FA42}.Release|Any CPU.ActiveCfg = Release|Any CPU
		{97606C8D-4A47-456F-B86B-952BC1A2FA42}.Release|Any CPU.Build.0 = Release|Any CPU
		{D5FF0FA9-31A5-4FBB-8033-9E61025A6399}.Debug|Any CPU.ActiveCfg = Debug|Any CPU
		{D5FF0FA9-31A5-4FBB-8033-9E61025A6399}.Debug|Any CPU.Build.0 = Debug|Any CPU
		{D5FF0FA9-31A5-4FBB-8033-9E61025A6399}.Release|Any CPU.ActiveCfg = Release|Any CPU
		{D5FF0FA9-31A5-4FBB-8033-9E61025A6399}.Release|Any CPU.Build.0 = Release|Any CPU
	EndGlobalSection
	GlobalSection(SolutionProperties) = preSolution
		HideSolutionNode = FALSE
	EndGlobalSection
	GlobalSection(ExtensibilityGlobals) = postSolution
		SolutionGuid = {F97D3681-0B9B-4D1F-A531-003F0D8168D4}
	EndGlobalSection
EndGlobal
